// !$*UTF8*$!
{
	archiveVersion = 1;
	classes = {
	};
	objectVersion = 50;
	objects = {

/* Begin PBXBuildFile section */
		97291F182261CA1B00F4AF9D /* AppDelegate.swift in Sources */ = {isa = PBXBuildFile; fileRef = 97291F172261CA1B00F4AF9D /* AppDelegate.swift */; };
		97291F1A2261CA1B00F4AF9D /* ViewController.swift in Sources */ = {isa = PBXBuildFile; fileRef = 97291F192261CA1B00F4AF9D /* ViewController.swift */; };
		97291F1D2261CA1B00F4AF9D /* Main.storyboard in Resources */ = {isa = PBXBuildFile; fileRef = 97291F1B2261CA1B00F4AF9D /* Main.storyboard */; };
		97291F1F2261CA1D00F4AF9D /* Assets.xcassets in Resources */ = {isa = PBXBuildFile; fileRef = 97291F1E2261CA1D00F4AF9D /* Assets.xcassets */; };
		97291F222261CA1D00F4AF9D /* LaunchScreen.storyboard in Resources */ = {isa = PBXBuildFile; fileRef = 97291F202261CA1D00F4AF9D /* LaunchScreen.storyboard */; };
		97291F2D2261CA1D00F4AF9D /* PhotoMasterTests.swift in Sources */ = {isa = PBXBuildFile; fileRef = 97291F2C2261CA1D00F4AF9D /* PhotoMasterTests.swift */; };
		97291F382261CA1D00F4AF9D /* PhotoMasterUITests.swift in Sources */ = {isa = PBXBuildFile; fileRef = 97291F372261CA1D00F4AF9D /* PhotoMasterUITests.swift */; };
		97291F462261D02200F4AF9D /* sakura.png in Resources */ = {isa = PBXBuildFile; fileRef = 97291F452261D02200F4AF9D /* sakura.png */; };
/* End PBXBuildFile section */

/* Begin PBXContainerItemProxy section */
		97291F292261CA1D00F4AF9D /* PBXContainerItemProxy */ = {
			isa = PBXContainerItemProxy;
			containerPortal = 97291F0C2261CA1B00F4AF9D /* Project object */;
			proxyType = 1;
			remoteGlobalIDString = 97291F132261CA1B00F4AF9D;
			remoteInfo = PhotoMaster;
		};
		97291F342261CA1D00F4AF9D /* PBXContainerItemProxy */ = {
			isa = PBXContainerItemProxy;
			containerPortal = 97291F0C2261CA1B00F4AF9D /* Project object */;
			proxyType = 1;
			remoteGlobalIDString = 97291F132261CA1B00F4AF9D;
			remoteInfo = PhotoMaster;
		};
/* End PBXContainerItemProxy section */

/* Begin PBXFileReference section */
		97291F142261CA1B00F4AF9D /* PhotoMaster.app */ = {isa = PBXFileReference; explicitFileType = wrapper.application; includeInIndex = 0; path = PhotoMaster.app; sourceTree = BUILT_PRODUCTS_DIR; };
		97291F172261CA1B00F4AF9D /* AppDelegate.swift */ = {isa = PBXFileReference; lastKnownFileType = sourcecode.swift; path = AppDelegate.swift; sourceTree = "<group>"; };
		97291F192261CA1B00F4AF9D /* ViewController.swift */ = {isa = PBXFileReference; lastKnownFileType = sourcecode.swift; path = ViewController.swift; sourceTree = "<group>"; };
		97291F1C2261CA1B00F4AF9D /* Base */ = {isa = PBXFileReference; lastKnownFileType = file.storyboard; name = Base; path = Base.lproj/Main.storyboard; sourceTree = "<group>"; };
		97291F1E2261CA1D00F4AF9D /* Assets.xcassets */ = {isa = PBXFileReference; lastKnownFileType = folder.assetcatalog; path = Assets.xcassets; sourceTree = "<group>"; };
		97291F212261CA1D00F4AF9D /* Base */ = {isa = PBXFileReference; lastKnownFileType = file.storyboard; name = Base; path = Base.lproj/LaunchScreen.storyboard; sourceTree = "<group>"; };
		97291F232261CA1D00F4AF9D /* Info.plist */ = {isa = PBXFileReference; lastKnownFileType = text.plist.xml; path = Info.plist; sourceTree = "<group>"; };
		97291F282261CA1D00F4AF9D /* PhotoMasterTests.xctest */ = {isa = PBXFileReference; explicitFileType = wrapper.cfbundle; includeInIndex = 0; path = PhotoMasterTests.xctest; sourceTree = BUILT_PRODUCTS_DIR; };
		97291F2C2261CA1D00F4AF9D /* PhotoMasterTests.swift */ = {isa = PBXFileReference; lastKnownFileType = sourcecode.swift; path = PhotoMasterTests.swift; sourceTree = "<group>"; };
		97291F2E2261CA1D00F4AF9D /* Info.plist */ = {isa = PBXFileReference; lastKnownFileType = text.plist.xml; path = Info.plist; sourceTree = "<group>"; };
		97291F332261CA1D00F4AF9D /* PhotoMasterUITests.xctest */ = {isa = PBXFileReference; explicitFileType = wrapper.cfbundle; includeInIndex = 0; path = PhotoMasterUITests.xctest; sourceTree = BUILT_PRODUCTS_DIR; };
		97291F372261CA1D00F4AF9D /* PhotoMasterUITests.swift */ = {isa = PBXFileReference; lastKnownFileType = sourcecode.swift; path = PhotoMasterUITests.swift; sourceTree = "<group>"; };
		97291F392261CA1D00F4AF9D /* Info.plist */ = {isa = PBXFileReference; lastKnownFileType = text.plist.xml; path = Info.plist; sourceTree = "<group>"; };
		97291F452261D02200F4AF9D /* sakura.png */ = {isa = PBXFileReference; lastKnownFileType = image.png; path = sakura.png; sourceTree = SOURCE_ROOT; };
/* End PBXFileReference section */

/* Begin PBXFrameworksBuildPhase section */
		97291F112261CA1B00F4AF9D /* Frameworks */ = {
			isa = PBXFrameworksBuildPhase;
			buildActionMask = 2147483647;
			files = (
			);
			runOnlyForDeploymentPostprocessing = 0;
		};
		97291F252261CA1D00F4AF9D /* Frameworks */ = {
			isa = PBXFrameworksBuildPhase;
			buildActionMask = 2147483647;
			files = (
			);
			runOnlyForDeploymentPostprocessing = 0;
		};
		97291F302261CA1D00F4AF9D /* Frameworks */ = {
			isa = PBXFrameworksBuildPhase;
			buildActionMask = 2147483647;
			files = (
			);
			runOnlyForDeploymentPostprocessing = 0;
		};
/* End PBXFrameworksBuildPhase section */

/* Begin PBXGroup section */
		97291F0B2261CA1B00F4AF9D = {
			isa = PBXGroup;
			children = (
				97291F162261CA1B00F4AF9D /* PhotoMaster */,
				97291F2B2261CA1D00F4AF9D /* PhotoMasterTests */,
				97291F362261CA1D00F4AF9D /* PhotoMasterUITests */,
				97291F152261CA1B00F4AF9D /* Products */,
			);
			sourceTree = "<group>";
		};
		97291F152261CA1B00F4AF9D /* Products */ = {
			isa = PBXGroup;
			children = (
				97291F142261CA1B00F4AF9D /* PhotoMaster.app */,
				97291F282261CA1D00F4AF9D /* PhotoMasterTests.xctest */,
				97291F332261CA1D00F4AF9D /* PhotoMasterUITests.xctest */,
			);
			name = Products;
			sourceTree = "<group>";
		};
		97291F162261CA1B00F4AF9D /* PhotoMaster */ = {
			isa = PBXGroup;
			children = (
				97291F452261D02200F4AF9D /* sakura.png */,
				97291F172261CA1B00F4AF9D /* AppDelegate.swift */,
				97291F192261CA1B00F4AF9D /* ViewController.swift */,
				97291F1B2261CA1B00F4AF9D /* Main.storyboard */,
				97291F1E2261CA1D00F4AF9D /* Assets.xcassets */,
				97291F202261CA1D00F4AF9D /* LaunchScreen.storyboard */,
				97291F232261CA1D00F4AF9D /* Info.plist */,
			);
			path = PhotoMaster;
			sourceTree = "<group>";
		};
		97291F2B2261CA1D00F4AF9D /* PhotoMasterTests */ = {
			isa = PBXGroup;
			children = (
				97291F2C2261CA1D00F4AF9D /* PhotoMasterTests.swift */,
				97291F2E2261CA1D00F4AF9D /* Info.plist */,
			);
			path = PhotoMasterTests;
			sourceTree = "<group>";
		};
		97291F362261CA1D00F4AF9D /* PhotoMasterUITests */ = {
			isa = PBXGroup;
			children = (
				97291F372261CA1D00F4AF9D /* PhotoMasterUITests.swift */,
				97291F392261CA1D00F4AF9D /* Info.plist */,
			);
			path = PhotoMasterUITests;
			sourceTree = "<group>";
		};
/* End PBXGroup section */

/* Begin PBXNativeTarget section */
		97291F132261CA1B00F4AF9D /* PhotoMaster */ = {
			isa = PBXNativeTarget;
			buildConfigurationList = 97291F3C2261CA1D00F4AF9D /* Build configuration list for PBXNativeTarget "PhotoMaster" */;
			buildPhases = (
				97291F102261CA1B00F4AF9D /* Sources */,
				97291F112261CA1B00F4AF9D /* Frameworks */,
				97291F122261CA1B00F4AF9D /* Resources */,
			);
			buildRules = (
			);
			dependencies = (
			);
			name = PhotoMaster;
			productName = PhotoMaster;
			productReference = 97291F142261CA1B00F4AF9D /* PhotoMaster.app */;
			productType = "com.apple.product-type.application";
		};
		97291F272261CA1D00F4AF9D /* PhotoMasterTests */ = {
			isa = PBXNativeTarget;
			buildConfigurationList = 97291F3F2261CA1D00F4AF9D /* Build configuration list for PBXNativeTarget "PhotoMasterTests" */;
			buildPhases = (
				97291F242261CA1D00F4AF9D /* Sources */,
				97291F252261CA1D00F4AF9D /* Frameworks */,
				97291F262261CA1D00F4AF9D /* Resources */,
			);
			buildRules = (
			);
			dependencies = (
				97291F2A2261CA1D00F4AF9D /* PBXTargetDependency */,
			);
			name = PhotoMasterTests;
			productName = PhotoMasterTests;
			productReference = 97291F282261CA1D00F4AF9D /* PhotoMasterTests.xctest */;
			productType = "com.apple.product-type.bundle.unit-test";
		};
		97291F322261CA1D00F4AF9D /* PhotoMasterUITests */ = {
			isa = PBXNativeTarget;
			buildConfigurationList = 97291F422261CA1D00F4AF9D /* Build configuration list for PBXNativeTarget "PhotoMasterUITests" */;
			buildPhases = (
				97291F2F2261CA1D00F4AF9D /* Sources */,
				97291F302261CA1D00F4AF9D /* Frameworks */,
				97291F312261CA1D00F4AF9D /* Resources */,
			);
			buildRules = (
			);
			dependencies = (
				97291F352261CA1D00F4AF9D /* PBXTargetDependency */,
			);
			name = PhotoMasterUITests;
			productName = PhotoMasterUITests;
			productReference = 97291F332261CA1D00F4AF9D /* PhotoMasterUITests.xctest */;
			productType = "com.apple.product-type.bundle.ui-testing";
		};
/* End PBXNativeTarget section */

/* Begin PBXProject section */
		97291F0C2261CA1B00F4AF9D /* Project object */ = {
			isa = PBXProject;
			attributes = {
				LastSwiftUpdateCheck = 1020;
				LastUpgradeCheck = 1020;
				ORGANIZATIONNAME = "Rika Sumitomo";
				TargetAttributes = {
					97291F132261CA1B00F4AF9D = {
						CreatedOnToolsVersion = 10.2;
					};
					97291F272261CA1D00F4AF9D = {
						CreatedOnToolsVersion = 10.2;
						TestTargetID = 97291F132261CA1B00F4AF9D;
					};
					97291F322261CA1D00F4AF9D = {
						CreatedOnToolsVersion = 10.2;
						TestTargetID = 97291F132261CA1B00F4AF9D;
					};
				};
			};
			buildConfigurationList = 97291F0F2261CA1B00F4AF9D /* Build configuration list for PBXProject "PhotoMaster" */;
			compatibilityVersion = "Xcode 9.3";
			developmentRegion = en;
			hasScannedForEncodings = 0;
			knownRegions = (
				en,
				Base,
			);
			mainGroup = 97291F0B2261CA1B00F4AF9D;
			productRefGroup = 97291F152261CA1B00F4AF9D /* Products */;
			projectDirPath = "";
			projectRoot = "";
			targets = (
				97291F132261CA1B00F4AF9D /* PhotoMaster */,
				97291F272261CA1D00F4AF9D /* PhotoMasterTests */,
				97291F322261CA1D00F4AF9D /* PhotoMasterUITests */,
			);
		};
/* End PBXProject section */

/* Begin PBXResourcesBuildPhase section */
		97291F122261CA1B00F4AF9D /* Resources */ = {
			isa = PBXResourcesBuildPhase;
			buildActionMask = 2147483647;
			files = (
				97291F462261D02200F4AF9D /* sakura.png in Resources */,
				97291F222261CA1D00F4AF9D /* LaunchScreen.storyboard in Resources */,
				97291F1F2261CA1D00F4AF9D /* Assets.xcassets in Resources */,
				97291F1D2261CA1B00F4AF9D /* Main.storyboard in Resources */,
			);
			runOnlyForDeploymentPostprocessing = 0;
		};
		97291F262261CA1D00F4AF9D /* Resources */ = {
			isa = PBXResourcesBuildPhase;
			buildActionMask = 2147483647;
			files = (
			);
			runOnlyForDeploymentPostprocessing = 0;
		};
		97291F312261CA1D00F4AF9D /* Resources */ = {
			isa = PBXResourcesBuildPhase;
			buildActionMask = 2147483647;
			files = (
			);
			runOnlyForDeploymentPostprocessing = 0;
		};
/* End PBXResourcesBuildPhase section */

/* Begin PBXSourcesBuildPhase section */
		97291F102261CA1B00F4AF9D /* Sources */ = {
			isa = PBXSourcesBuildPhase;
			buildActionMask = 2147483647;
			files = (
				97291F1A2261CA1B00F4AF9D /* ViewController.swift in Sources */,
				97291F182261CA1B00F4AF9D /* AppDelegate.swift in Sources */,
			);
			runOnlyForDeploymentPostprocessing = 0;
		};
		97291F242261CA1D00F4AF9D /* Sources */ = {
			isa = PBXSourcesBuildPhase;
			buildActionMask = 2147483647;
			files = (
				97291F2D2261CA1D00F4AF9D /* PhotoMasterTests.swift in Sources */,
			);
			runOnlyForDeploymentPostprocessing = 0;
		};
		97291F2F2261CA1D00F4AF9D /* Sources */ = {
			isa = PBXSourcesBuildPhase;
			buildActionMask = 2147483647;
			files = (
				97291F382261CA1D00F4AF9D /* PhotoMasterUITests.swift in Sources */,
			);
			runOnlyForDeploymentPostprocessing = 0;
		};
/* End PBXSourcesBuildPhase section */

/* Begin PBXTargetDependency section */
		97291F2A2261CA1D00F4AF9D /* PBXTargetDependency */ = {
			isa = PBXTargetDependency;
			target = 97291F132261CA1B00F4AF9D /* PhotoMaster */;
			targetProxy = 97291F292261CA1D00F4AF9D /* PBXContainerItemProxy */;
		};
		97291F352261CA1D00F4AF9D /* PBXTargetDependency */ = {
			isa = PBXTargetDependency;
			target = 97291F132261CA1B00F4AF9D /* PhotoMaster */;
			targetProxy = 97291F342261CA1D00F4AF9D /* PBXContainerItemProxy */;
		};
/* End PBXTargetDependency section */

/* Begin PBXVariantGroup section */
		97291F1B2261CA1B00F4AF9D /* Main.storyboard */ = {
			isa = PBXVariantGroup;
			children = (
				97291F1C2261CA1B00F4AF9D /* Base */,
			);
			name = Main.storyboard;
			sourceTree = "<group>";
		};
		97291F202261CA1D00F4AF9D /* LaunchScreen.storyboard */ = {
			isa = PBXVariantGroup;
			children = (
				97291F212261CA1D00F4AF9D /* Base */,
			);
			name = LaunchScreen.storyboard;
			sourceTree = "<group>";
		};
/* End PBXVariantGroup section */

/* Begin XCBuildConfiguration section */
		97291F3A2261CA1D00F4AF9D /* Debug */ = {
			isa = XCBuildConfiguration;
			buildSettings = {
				ALWAYS_SEARCH_USER_PATHS = NO;
				CLANG_ANALYZER_NONNULL = YES;
				CLANG_ANALYZER_NUMBER_OBJECT_CONVERSION = YES_AGGRESSIVE;
				CLANG_CXX_LANGUAGE_STANDARD = "gnu++14";
				CLANG_CXX_LIBRARY = "libc++";
				CLANG_ENABLE_MODULES = YES;
				CLANG_ENABLE_OBJC_ARC = YES;
				CLANG_ENABLE_OBJC_WEAK = YES;
				CLANG_WARN_BLOCK_CAPTURE_AUTORELEASING = YES;
				CLANG_WARN_BOOL_CONVERSION = YES;
				CLANG_WARN_COMMA = YES;
				CLANG_WARN_CONSTANT_CONVERSION = YES;
				CLANG_WARN_DEPRECATED_OBJC_IMPLEMENTATIONS = YES;
				CLANG_WARN_DIRECT_OBJC_ISA_USAGE = YES_ERROR;
				CLANG_WARN_DOCUMENTATION_COMMENTS = YES;
				CLANG_WARN_EMPTY_BODY = YES;
				CLANG_WARN_ENUM_CONVERSION = YES;
				CLANG_WARN_INFINITE_RECURSION = YES;
				CLANG_WARN_INT_CONVERSION = YES;
				CLANG_WARN_NON_LITERAL_NULL_CONVERSION = YES;
				CLANG_WARN_OBJC_IMPLICIT_RETAIN_SELF = YES;
				CLANG_WARN_OBJC_LITERAL_CONVERSION = YES;
				CLANG_WARN_OBJC_ROOT_CLASS = YES_ERROR;
				CLANG_WARN_RANGE_LOOP_ANALYSIS = YES;
				CLANG_WARN_STRICT_PROTOTYPES = YES;
				CLANG_WARN_SUSPICIOUS_MOVE = YES;
				CLANG_WARN_UNGUARDED_AVAILABILITY = YES_AGGRESSIVE;
				CLANG_WARN_UNREACHABLE_CODE = YES;
				CLANG_WARN__DUPLICATE_METHOD_MATCH = YES;
				CODE_SIGN_IDENTITY = "iPhone Developer";
				COPY_PHASE_STRIP = NO;
				DEBUG_INFORMATION_FORMAT = dwarf;
				ENABLE_STRICT_OBJC_MSGSEND = YES;
				ENABLE_TESTABILITY = YES;
				GCC_C_LANGUAGE_STANDARD = gnu11;
				GCC_DYNAMIC_NO_PIC = NO;
				GCC_NO_COMMON_BLOCKS = YES;
				GCC_OPTIMIZATION_LEVEL = 0;
				GCC_PREPROCESSOR_DEFINITIONS = (
					"DEBUG=1",
					"$(inherited)",
				);
				GCC_WARN_64_TO_32_BIT_CONVERSION = YES;
				GCC_WARN_ABOUT_RETURN_TYPE = YES_ERROR;
				GCC_WARN_UNDECLARED_SELECTOR = YES;
				GCC_WARN_UNINITIALIZED_AUTOS = YES_AGGRESSIVE;
				GCC_WARN_UNUSED_FUNCTION = YES;
				GCC_WARN_UNUSED_VARIABLE = YES;
				IPHONEOS_DEPLOYMENT_TARGET = 12.2;
				MTL_ENABLE_DEBUG_INFO = INCLUDE_SOURCE;
				MTL_FAST_MATH = YES;
				ONLY_ACTIVE_ARCH = YES;
				SDKROOT = iphoneos;
				SWIFT_ACTIVE_COMPILATION_CONDITIONS = DEBUG;
				SWIFT_OPTIMIZATION_LEVEL = "-Onone";
			};
			name = Debug;
		};
		97291F3B2261CA1D00F4AF9D /* Release */ = {
			isa = XCBuildConfiguration;
			buildSettings = {
				ALWAYS_SEARCH_USER_PATHS = NO;
				CLANG_ANALYZER_NONNULL = YES;
				CLANG_ANALYZER_NUMBER_OBJECT_CONVERSION = YES_AGGRESSIVE;
				CLANG_CXX_LANGUAGE_STANDARD = "gnu++14";
				CLANG_CXX_LIBRARY = "libc++";
				CLANG_ENABLE_MODULES = YES;
				CLANG_ENABLE_OBJC_ARC = YES;
				CLANG_ENABLE_OBJC_WEAK = YES;
				CLANG_WARN_BLOCK_CAPTURE_AUTORELEASING = YES;
				CLANG_WARN_BOOL_CONVERSION = YES;
				CLANG_WARN_COMMA = YES;
				CLANG_WARN_CONSTANT_CONVERSION = YES;
				CLANG_WARN_DEPRECATED_OBJC_IMPLEMENTATIONS = YES;
				CLANG_WARN_DIRECT_OBJC_ISA_USAGE = YES_ERROR;
				CLANG_WARN_DOCUMENTATION_COMMENTS = YES;
				CLANG_WARN_EMPTY_BODY = YES;
				CLANG_WARN_ENUM_CONVERSION = YES;
				CLANG_WARN_INFINITE_RECURSION = YES;
				CLANG_WARN_INT_CONVERSION = YES;
				CLANG_WARN_NON_LITERAL_NULL_CONVERSION = YES;
				CLANG_WARN_OBJC_IMPLICIT_RETAIN_SELF = YES;
				CLANG_WARN_OBJC_LITERAL_CONVERSION = YES;
				CLANG_WARN_OBJC_ROOT_CLASS = YES_ERROR;
				CLANG_WARN_RANGE_LOOP_ANALYSIS = YES;
				CLANG_WARN_STRICT_PROTOTYPES = YES;
				CLANG_WARN_SUSPICIOUS_MOVE = YES;
				CLANG_WARN_UNGUARDED_AVAILABILITY = YES_AGGRESSIVE;
				CLANG_WARN_UNREACHABLE_CODE = YES;
				CLANG_WARN__DUPLICATE_METHOD_MATCH = YES;
				CODE_SIGN_IDENTITY = "iPhone Developer";
				COPY_PHASE_STRIP = NO;
				DEBUG_INFORMATION_FORMAT = "dwarf-with-dsym";
				ENABLE_NS_ASSERTIONS = NO;
				ENABLE_STRICT_OBJC_MSGSEND = YES;
				GCC_C_LANGUAGE_STANDARD = gnu11;
				GCC_NO_COMMON_BLOCKS = YES;
				GCC_WARN_64_TO_32_BIT_CONVERSION = YES;
				GCC_WARN_ABOUT_RETURN_TYPE = YES_ERROR;
				GCC_WARN_UNDECLARED_SELECTOR = YES;
				GCC_WARN_UNINITIALIZED_AUTOS = YES_AGGRESSIVE;
				GCC_WARN_UNUSED_FUNCTION = YES;
				GCC_WARN_UNUSED_VARIABLE = YES;
				IPHONEOS_DEPLOYMENT_TARGET = 12.2;
				MTL_ENABLE_DEBUG_INFO = NO;
				MTL_FAST_MATH = YES;
				SDKROOT = iphoneos;
				SWIFT_COMPILATION_MODE = wholemodule;
				SWIFT_OPTIMIZATION_LEVEL = "-O";
				VALIDATE_PRODUCT = YES;
			};
			name = Release;
		};
		97291F3D2261CA1D00F4AF9D /* Debug */ = {
			isa = XCBuildConfiguration;
			buildSettings = {
				ASSETCATALOG_COMPILER_APPICON_NAME = AppIcon;
				CODE_SIGN_STYLE = Automatic;
				DEVELOPMENT_TEAM = S74K7CZMG5;
				INFOPLIST_FILE = PhotoMaster/Info.plist;
				IPHONEOS_DEPLOYMENT_TARGET = 12.1;
				LD_RUNPATH_SEARCH_PATHS = (
					"$(inherited)",
					"@executable_path/Frameworks",
				);
				PRODUCT_BUNDLE_IDENTIFIER = jp.techacademy.rika.sumitomo.PhotoMaster;
				PRODUCT_NAME = "$(TARGET_NAME)";
				SWIFT_VERSION = 5.0;
				TARGETED_DEVICE_FAMILY = "1,2";
			};
			name = Debug;
		};
		97291F3E2261CA1D00F4AF9D /* Release */ = {
			isa = XCBuildConfiguration;
			buildSettings = {
				ASSETCATALOG_COMPILER_APPICON_NAME = AppIcon;
				CODE_SIGN_STYLE = Automatic;
				DEVELOPMENT_TEAM = S74K7CZMG5;
				INFOPLIST_FILE = PhotoMaster/Info.plist;
				IPHONEOS_DEPLOYMENT_TARGET = 12.1;
				LD_RUNPATH_SEARCH_PATHS = (
					"$(inherited)",
					"@executable_path/Frameworks",
				);
				PRODUCT_BUNDLE_IDENTIFIER = jp.techacademy.rika.sumitomo.PhotoMaster;
				PRODUCT_NAME = "$(TARGET_NAME)";
				SWIFT_VERSION = 5.0;
				TARGETED_DEVICE_FAMILY = "1,2";
			};
			name = Release;
		};
		97291F402261CA1D00F4AF9D /* Debug */ = {
			isa = XCBuildConfiguration;
			buildSettings = {
				ALWAYS_EMBED_SWIFT_STANDARD_LIBRARIES = YES;
				BUNDLE_LOADER = "$(TEST_HOST)";
				CODE_SIGN_STYLE = Automatic;
				DEVELOPMENT_TEAM = S74K7CZMG5;
				INFOPLIST_FILE = PhotoMasterTests/Info.plist;
				LD_RUNPATH_SEARCH_PATHS = (
					"$(inherited)",
					"@executable_path/Frameworks",
					"@loader_path/Frameworks",
				);
				PRODUCT_BUNDLE_IDENTIFIER = jp.techacademy.rika.sumitomo.PhotoMasterTests;
				PRODUCT_NAME = "$(TARGET_NAME)";
				SWIFT_VERSION = 5.0;
				TARGETED_DEVICE_FAMILY = "1,2";
				TEST_HOST = "$(BUILT_PRODUCTS_DIR)/PhotoMaster.app/PhotoMaster";
			};
			name = Debug;
		};
		97291F412261CA1D00F4AF9D /* Release */ = {
			isa = XCBuildConfiguration;
			buildSettings = {
				ALWAYS_EMBED_SWIFT_STANDARD_LIBRARIES = YES;
				BUNDLE_LOADER = "$(TEST_HOST)";
				CODE_SIGN_STYLE = Automatic;
				DEVELOPMENT_TEAM = S74K7CZMG5;
				INFOPLIST_FILE = PhotoMasterTests/Info.plist;
				LD_RUNPATH_SEARCH_PATHS = (
					"$(inherited)",
					"@executable_path/Frameworks",
					"@loader_path/Frameworks",
				);
				PRODUCT_BUNDLE_IDENTIFIER = jp.techacademy.rika.sumitomo.PhotoMasterTests;
				PRODUCT_NAME = "$(TARGET_NAME)";
				SWIFT_VERSION = 5.0;
				TARGETED_DEVICE_FAMILY = "1,2";
				TEST_HOST = "$(BUILT_PRODUCTS_DIR)/PhotoMaster.app/PhotoMaster";
			};
			name = Release;
		};
		97291F432261CA1D00F4AF9D /* Debug */ = {
			isa = XCBuildConfiguration;
			buildSettings = {
				ALWAYS_EMBED_SWIFT_STANDARD_LIBRARIES = YES;
				CODE_SIGN_STYLE = Automatic;
				DEVELOPMENT_TEAM = S74K7CZMG5;
				INFOPLIST_FILE = PhotoMasterUITests/Info.plist;
				LD_RUNPATH_SEARCH_PATHS = (
					"$(inherited)",
					"@executable_path/Frameworks",
					"@loader_path/Frameworks",
				);
				PRODUCT_BUNDLE_IDENTIFIER = jp.techacademy.rika.sumitomo.PhotoMasterUITests;
				PRODUCT_NAME = "$(TARGET_NAME)";
				SWIFT_VERSION = 5.0;
				TARGETED_DEVICE_FAMILY = "1,2";
				TEST_TARGET_NAME = PhotoMaster;
			};
			name = Debug;
		};
		97291F442261CA1D00F4AF9D /* Release */ = {
			isa = XCBuildConfiguration;
			buildSettings = {
				ALWAYS_EMBED_SWIFT_STANDARD_LIBRARIES = YES;
				CODE_SIGN_STYLE = Automatic;
				DEVELOPMENT_TEAM = S74K7CZMG5;
				INFOPLIST_FILE = PhotoMasterUITests/Info.plist;
				LD_RUNPATH_SEARCH_PATHS = (
					"$(inherited)",
					"@executable_path/Frameworks",
					"@loader_path/Frameworks",
				);
				PRODUCT_BUNDLE_IDENTIFIER = jp.techacademy.rika.sumitomo.PhotoMasterUITests;
				PRODUCT_NAME = "$(TARGET_NAME)";
				SWIFT_VERSION = 5.0;
				TARGETED_DEVICE_FAMILY = "1,2";
				TEST_TARGET_NAME = PhotoMaster;
			};
			name = Release;
		};
/* End XCBuildConfiguration section */

/* Begin XCConfigurationList section */
		97291F0F2261CA1B00F4AF9D /* Build configuration list for PBXProject "PhotoMaster" */ = {
			isa = XCConfigurationList;
			buildConfigurations = (
				97291F3A2261CA1D00F4AF9D /* Debug */,
				97291F3B2261CA1D00F4AF9D /* Release */,
			);
			defaultConfigurationIsVisible = 0;
			defaultConfigurationName = Release;
		};
		97291F3C2261CA1D00F4AF9D /* Build configuration list for PBXNativeTarget "PhotoMaster" */ = {
			isa = XCConfigurationList;
			buildConfigurations = (
				97291F3D2261CA1D00F4AF9D /* Debug */,
				97291F3E2261CA1D00F4AF9D /* Release */,
			);
			defaultConfigurationIsVisible = 0;
			defaultConfigurationName = Release;
		};
		97291F3F2261CA1D00F4AF9D /* Build configuration list for PBXNativeTarget "PhotoMasterTests" */ = {
			isa = XCConfigurationList;
			buildConfigurations = (
				97291F402261CA1D00F4AF9D /* Debug */,
				97291F412261CA1D00F4AF9D /* Release */,
			);
			defaultConfigurationIsVisible = 0;
			defaultConfigurationName = Release;
		};
		97291F422261CA1D00F4AF9D /* Build configuration list for PBXNativeTarget "PhotoMasterUITests" */ = {
			isa = XCConfigurationList;
			buildConfigurations = (
				97291F432261CA1D00F4AF9D /* Debug */,
				97291F442261CA1D00F4AF9D /* Release */,
			);
			defaultConfigurationIsVisible = 0;
			defaultConfigurationName = Release;
		};
/* End XCConfigurationList section */
	};
	rootObject = 97291F0C2261CA1B00F4AF9D /* Project object */;
}
